
Microsoft Visual Studio Solution File, Format Version 12.00
# Visual Studio 14
VisualStudioVersion = 14.0.23107.0
MinimumVisualStudioVersion = 10.0.40219.1
Project("{8BC9CEB8-8B4A-11D0-8D11-00A0C91BC942}") = "LongmanEvt", "LongmanEvt\LongmanEvt.vcxproj", "{B12702AD-ABFB-343A-A199-8E24837244A3}"
EndProject
Project("{8BC9CEB8-8B4A-11D0-8D11-00A0C91BC942}") = "LongmanMVC_frame", "LongmanMVC_frame\LongmanMVC_frame.vcxproj", "{4516D6E6-2E28-4275-A76B-3E296ACED337}"
EndProject
Project("{8BC9CEB8-8B4A-11D0-8D11-00A0C91BC942}") = "longmanApp", "longmanApp\longmanApp.vcxproj", "{4B28DCEA-5060-4969-A5A5-4F6332BE73F3}"
	ProjectSection(ProjectDependencies) = postProject
		{B12702AD-ABFB-343A-A199-8E24837244A3} = {B12702AD-ABFB-343A-A199-8E24837244A3}
		{4516D6E6-2E28-4275-A76B-3E296ACED337} = {4516D6E6-2E28-4275-A76B-3E296ACED337}
	EndProjectSection
EndProject
Project("{8BC9CEB8-8B4A-11D0-8D11-00A0C91BC942}") = "TAppDecoderAnalyser", "SHM12.1\build\TAppDecoderAnalyser_vc2010.vcxproj", "{6BB4C8D8-449D-4CC1-A5E1-E98AAF94012F}"
	ProjectSection(ProjectDependencies) = postProject
		{68C1251A-55D8-47C9-9052-62F785BD437A} = {68C1251A-55D8-47C9-9052-62F785BD437A}
	EndProjectSection
EndProject
Project("{8BC9CEB8-8B4A-11D0-8D11-00A0C91BC942}") = "TLibVideoIO", "SHM12.1\build\TLibVideoIO_vc2010.vcxproj", "{5280C25A-D316-4BE7-AE50-29D72108624F}"
EndProject
Project("{8BC9CEB8-8B4A-11D0-8D11-00A0C91BC942}") = "TLibCommon", "SHM12.1\build\TLibCommon_vc2010.vcxproj", "{78018D78-F890-47E3-A0B7-09D273F0B11D}"
EndProject
Project("{8BC9CEB8-8B4A-11D0-8D11-00A0C91BC942}") = "TAppCommon", "SHM12.1\build\TAppCommon_vc2010.vcxproj", "{D1E8A1C2-15DB-4C94-80E8-4F70CF0A2DC5}"
EndProject
Project("{8BC9CEB8-8B4A-11D0-8D11-00A0C91BC942}") = "TLibDecoderAnalyser", "SHM12.1\build\TLibDecoderAnalyser_vc2010.vcxproj", "{68C1251A-55D8-47C9-9052-62F785BD437A}"
EndProject
Global
	GlobalSection(SolutionConfigurationPlatforms) = preSolution
		Debug|x64 = Debug|x64
		Debug|x86 = Debug|x86
		Release|x64 = Release|x64
		Release|x86 = Release|x86
	EndGlobalSection
	GlobalSection(ProjectConfigurationPlatforms) = postSolution
		{B12702AD-ABFB-343A-A199-8E24837244A3}.Debug|x64.ActiveCfg = Debug|Win32
		{B12702AD-ABFB-343A-A199-8E24837244A3}.Debug|x86.ActiveCfg = Debug|Win32
		{B12702AD-ABFB-343A-A199-8E24837244A3}.Debug|x86.Build.0 = Debug|Win32
		{B12702AD-ABFB-343A-A199-8E24837244A3}.Debug|x86.Deploy.0 = Debug|Win32
		{B12702AD-ABFB-343A-A199-8E24837244A3}.Release|x64.ActiveCfg = Release|Win32
		{B12702AD-ABFB-343A-A199-8E24837244A3}.Release|x86.ActiveCfg = Release|Win32
		{B12702AD-ABFB-343A-A199-8E24837244A3}.Release|x86.Build.0 = Release|Win32
		{4516D6E6-2E28-4275-A76B-3E296ACED337}.Debug|x64.ActiveCfg = Debug|Win32
		{4516D6E6-2E28-4275-A76B-3E296ACED337}.Debug|x86.ActiveCfg = Debug|Win32
		{4516D6E6-2E28-4275-A76B-3E296ACED337}.Debug|x86.Build.0 = Debug|Win32
		{4516D6E6-2E28-4275-A76B-3E296ACED337}.Release|x64.ActiveCfg = Release|Win32
		{4516D6E6-2E28-4275-A76B-3E296ACED337}.Release|x86.ActiveCfg = Release|Win32
		{4516D6E6-2E28-4275-A76B-3E296ACED337}.Release|x86.Build.0 = Release|Win32
		{4B28DCEA-5060-4969-A5A5-4F6332BE73F3}.Debug|x64.ActiveCfg = Debug|Win32
		{4B28DCEA-5060-4969-A5A5-4F6332BE73F3}.Debug|x86.ActiveCfg = Debug|Win32
		{4B28DCEA-5060-4969-A5A5-4F6332BE73F3}.Debug|x86.Build.0 = Debug|Win32
		{4B28DCEA-5060-4969-A5A5-4F6332BE73F3}.Release|x64.ActiveCfg = Release|Win32
		{4B28DCEA-5060-4969-A5A5-4F6332BE73F3}.Release|x86.ActiveCfg = Release|Win32
		{4B28DCEA-5060-4969-A5A5-4F6332BE73F3}.Release|x86.Build.0 = Release|Win32
		{6BB4C8D8-449D-4CC1-A5E1-E98AAF94012F}.Debug|x64.ActiveCfg = Debug|x64
		{6BB4C8D8-449D-4CC1-A5E1-E98AAF94012F}.Debug|x64.Build.0 = Debug|x64
		{6BB4C8D8-449D-4CC1-A5E1-E98AAF94012F}.Debug|x86.ActiveCfg = Debug|Win32
		{6BB4C8D8-449D-4CC1-A5E1-E98AAF94012F}.Debug|x86.Build.0 = Debug|Win32
		{6BB4C8D8-449D-4CC1-A5E1-E98AAF94012F}.Release|x64.ActiveCfg = Release|x64
		{6BB4C8D8-449D-4CC1-A5E1-E98AAF94012F}.Release|x64.Build.0 = Release|x64
		{6BB4C8D8-449D-4CC1-A5E1-E98AAF94012F}.Release|x86.ActiveCfg = Release|Win32
		{6BB4C8D8-449D-4CC1-A5E1-E98AAF94012F}.Release|x86.Build.0 = Release|Win32
		{5280C25A-D316-4BE7-AE50-29D72108624F}.Debug|x64.ActiveCfg = Debug|x64
		{5280C25A-D316-4BE7-AE50-29D72108624F}.Debug|x64.Build.0 = Debug|x64
		{5280C25A-D316-4BE7-AE50-29D72108624F}.Debug|x86.ActiveCfg = Debug|Win32
		{5280C25A-D316-4BE7-AE50-29D72108624F}.Debug|x86.Build.0 = Debug|Win32
		{5280C25A-D316-4BE7-AE50-29D72108624F}.Release|x64.ActiveCfg = Release|x64
		{5280C25A-D316-4BE7-AE50-29D72108624F}.Release|x64.Build.0 = Release|x64
		{5280C25A-D316-4BE7-AE50-29D72108624F}.Release|x86.ActiveCfg = Release|Win32
		{5280C25A-D316-4BE7-AE50-29D72108624F}.Release|x86.Build.0 = Release|Win32
		{78018D78-F890-47E3-A0B7-09D273F0B11D}.Debug|x64.ActiveCfg = Debug|x64
		{78018D78-F890-47E3-A0B7-09D273F0B11D}.Debug|x64.Build.0 = Debug|x64
		{78018D78-F890-47E3-A0B7-09D273F0B11D}.Debug|x86.ActiveCfg = Debug|Win32
		{78018D78-F890-47E3-A0B7-09D273F0B11D}.Debug|x86.Build.0 = Debug|Win32
		{78018D78-F890-47E3-A0B7-09D273F0B11D}.Release|x64.ActiveCfg = Release|x64
		{78018D78-F890-47E3-A0B7-09D273F0B11D}.Release|x64.Build.0 = Release|x64
		{78018D78-F890-47E3-A0B7-09D273F0B11D}.Release|x86.ActiveCfg = Release|Win32
		{78018D78-F890-47E3-A0B7-09D273F0B11D}.Release|x86.Build.0 = Release|Win32
		{D1E8A1C2-15DB-4C94-80E8-4F70CF0A2DC5}.Debug|x64.ActiveCfg = Debug|x64
		{D1E8A1C2-15DB-4C94-80E8-4F70CF0A2DC5}.Debug|x64.Build.0 = Debug|x64
		{D1E8A1C2-15DB-4C94-80E8-4F70CF0A2DC5}.Debug|x86.ActiveCfg = Debug|Win32
		{D1E8A1C2-15DB-4C94-80E8-4F70CF0A2DC5}.Debug|x86.Build.0 = Debug|Win32
		{D1E8A1C2-15DB-4C94-80E8-4F70CF0A2DC5}.Release|x64.ActiveCfg = Release|x64
		{D1E8A1C2-15DB-4C94-80E8-4F70CF0A2DC5}.Release|x64.Build.0 = Release|x64
		{D1E8A1C2-15DB-4C94-80E8-4F70CF0A2DC5}.Release|x86.ActiveCfg = Release|Win32
		{D1E8A1C2-15DB-4C94-80E8-4F70CF0A2DC5}.Release|x86.Build.0 = Release|Win32
		{68C1251A-55D8-47C9-9052-62F785BD437A}.Debug|x64.ActiveCfg = Debug|x64
		{68C1251A-55D8-47C9-9052-62F785BD437A}.Debug|x64.Build.0 = Debug|x64
		{68C1251A-55D8-47C9-9052-62F785BD437A}.Debug|x86.ActiveCfg = Debug|Win32
		{68C1251A-55D8-47C9-9052-62F785BD437A}.Debug|x86.Build.0 = Debug|Win32
		{68C1251A-55D8-47C9-9052-62F785BD437A}.Release|x64.ActiveCfg = Release|x64
		{68C1251A-55D8-47C9-9052-62F785BD437A}.Release|x64.Build.0 = Release|x64
		{68C1251A-55D8-47C9-9052-62F785BD437A}.Release|x86.ActiveCfg = Release|Win32
		{68C1251A-55D8-47C9-9052-62F785BD437A}.Release|x86.Build.0 = Release|Win32
	EndGlobalSection
	GlobalSection(SolutionProperties) = preSolution
		HideSolutionNode = FALSE
	EndGlobalSection
EndGlobal
